// !$*UTF8*$!
{
	archiveVersion = 1;
	classes = {
	};
	objectVersion = 50;
	objects = {

/* Begin PBXBuildFile section */
		7E4F674A24700A8A00FD2F94 /* AppDelegate.swift in Sources */ = {isa = PBXBuildFile; fileRef = 7E4F674924700A8A00FD2F94 /* AppDelegate.swift */; };
		7E4F674C24700A8A00FD2F94 /* SceneDelegate.swift in Sources */ = {isa = PBXBuildFile; fileRef = 7E4F674B24700A8A00FD2F94 /* SceneDelegate.swift */; };
		7E4F674E24700A8A00FD2F94 /* ContentView.swift in Sources */ = {isa = PBXBuildFile; fileRef = 7E4F674D24700A8A00FD2F94 /* ContentView.swift */; };
		7E4F675024700A8B00FD2F94 /* Assets.xcassets in Resources */ = {isa = PBXBuildFile; fileRef = 7E4F674F24700A8B00FD2F94 /* Assets.xcassets */; };
		7E4F675324700A8B00FD2F94 /* Preview Assets.xcassets in Resources */ = {isa = PBXBuildFile; fileRef = 7E4F675224700A8B00FD2F94 /* Preview Assets.xcassets */; };
		7E4F675624700A8B00FD2F94 /* LaunchScreen.storyboard in Resources */ = {isa = PBXBuildFile; fileRef = 7E4F675424700A8B00FD2F94 /* LaunchScreen.storyboard */; };
		7E4F676124700A8B00FD2F94 /* CurrencyTests.swift in Sources */ = {isa = PBXBuildFile; fileRef = 7E4F676024700A8B00FD2F94 /* CurrencyTests.swift */; };
		7EFD79BD2470129600670AF2 /* FluxCoreTypes.swift in Sources */ = {isa = PBXBuildFile; fileRef = 7EFD79BC2470129600670AF2 /* FluxCoreTypes.swift */; };
		7EFD79C024703EF400670AF2 /* CurrencyService.swift in Sources */ = {isa = PBXBuildFile; fileRef = 7EFD79BF24703EF400670AF2 /* CurrencyService.swift */; };
		7EFD79C32471028400670AF2 /* CurrencyActions.swift in Sources */ = {isa = PBXBuildFile; fileRef = 7EFD79C22471028400670AF2 /* CurrencyActions.swift */; };
		7EFD79C624710FC100670AF2 /* CurrencyState.swift in Sources */ = {isa = PBXBuildFile; fileRef = 7EFD79C524710FC100670AF2 /* CurrencyState.swift */; };
		7EFD79C824710FDA00670AF2 /* AppState.swift in Sources */ = {isa = PBXBuildFile; fileRef = 7EFD79C724710FDA00670AF2 /* AppState.swift */; };
		7EFD79CB2471108500670AF2 /* CurrencyList.swift in Sources */ = {isa = PBXBuildFile; fileRef = 7EFD79CA2471108500670AF2 /* CurrencyList.swift */; };
		7EFD79CD2471109F00670AF2 /* CurrencyRates.swift in Sources */ = {isa = PBXBuildFile; fileRef = 7EFD79CC2471109F00670AF2 /* CurrencyRates.swift */; };
		7EFD79D0247111C800670AF2 /* AppReducer.swift in Sources */ = {isa = PBXBuildFile; fileRef = 7EFD79CF247111C800670AF2 /* AppReducer.swift */; };
		7EFD79D424712A1100670AF2 /* currencies.json in Resources */ = {isa = PBXBuildFile; fileRef = 7EFD79D224712A1100670AF2 /* currencies.json */; };
		7EFD79D524712A1100670AF2 /* usd_rates.json in Resources */ = {isa = PBXBuildFile; fileRef = 7EFD79D324712A1100670AF2 /* usd_rates.json */; };
		7EFD79D724712A4E00670AF2 /* CurrencyServiceMocking.swift in Sources */ = {isa = PBXBuildFile; fileRef = 7EFD79D624712A4E00670AF2 /* CurrencyServiceMocking.swift */; };
/* End PBXBuildFile section */

/* Begin PBXContainerItemProxy section */
		7E4F675D24700A8B00FD2F94 /* PBXContainerItemProxy */ = {
			isa = PBXContainerItemProxy;
			containerPortal = 7E4F673E24700A8900FD2F94 /* Project object */;
			proxyType = 1;
			remoteGlobalIDString = 7E4F674524700A8900FD2F94;
			remoteInfo = Currency;
		};
/* End PBXContainerItemProxy section */

/* Begin PBXFileReference section */
		7E4F674624700A8A00FD2F94 /* Currency.app */ = {isa = PBXFileReference; explicitFileType = wrapper.application; includeInIndex = 0; path = Currency.app; sourceTree = BUILT_PRODUCTS_DIR; };
		7E4F674924700A8A00FD2F94 /* AppDelegate.swift */ = {isa = PBXFileReference; lastKnownFileType = sourcecode.swift; path = AppDelegate.swift; sourceTree = "<group>"; };
		7E4F674B24700A8A00FD2F94 /* SceneDelegate.swift */ = {isa = PBXFileReference; lastKnownFileType = sourcecode.swift; path = SceneDelegate.swift; sourceTree = "<group>"; };
		7E4F674D24700A8A00FD2F94 /* ContentView.swift */ = {isa = PBXFileReference; lastKnownFileType = sourcecode.swift; path = ContentView.swift; sourceTree = "<group>"; };
		7E4F674F24700A8B00FD2F94 /* Assets.xcassets */ = {isa = PBXFileReference; lastKnownFileType = folder.assetcatalog; path = Assets.xcassets; sourceTree = "<group>"; };
		7E4F675224700A8B00FD2F94 /* Preview Assets.xcassets */ = {isa = PBXFileReference; lastKnownFileType = folder.assetcatalog; path = "Preview Assets.xcassets"; sourceTree = "<group>"; };
		7E4F675524700A8B00FD2F94 /* Base */ = {isa = PBXFileReference; lastKnownFileType = file.storyboard; name = Base; path = Base.lproj/LaunchScreen.storyboard; sourceTree = "<group>"; };
		7E4F675724700A8B00FD2F94 /* Info.plist */ = {isa = PBXFileReference; lastKnownFileType = text.plist.xml; path = Info.plist; sourceTree = "<group>"; };
		7E4F675C24700A8B00FD2F94 /* CurrencyTests.xctest */ = {isa = PBXFileReference; explicitFileType = wrapper.cfbundle; includeInIndex = 0; path = CurrencyTests.xctest; sourceTree = BUILT_PRODUCTS_DIR; };
		7E4F676024700A8B00FD2F94 /* CurrencyTests.swift */ = {isa = PBXFileReference; lastKnownFileType = sourcecode.swift; path = CurrencyTests.swift; sourceTree = "<group>"; };
		7E4F676224700A8B00FD2F94 /* Info.plist */ = {isa = PBXFileReference; lastKnownFileType = text.plist.xml; path = Info.plist; sourceTree = "<group>"; };
		7EFD79BC2470129600670AF2 /* FluxCoreTypes.swift */ = {isa = PBXFileReference; lastKnownFileType = sourcecode.swift; path = FluxCoreTypes.swift; sourceTree = "<group>"; };
		7EFD79BF24703EF400670AF2 /* CurrencyService.swift */ = {isa = PBXFileReference; lastKnownFileType = sourcecode.swift; path = CurrencyService.swift; sourceTree = "<group>"; };
		7EFD79C22471028400670AF2 /* CurrencyActions.swift */ = {isa = PBXFileReference; lastKnownFileType = sourcecode.swift; path = CurrencyActions.swift; sourceTree = "<group>"; };
		7EFD79C524710FC100670AF2 /* CurrencyState.swift */ = {isa = PBXFileReference; lastKnownFileType = sourcecode.swift; path = CurrencyState.swift; sourceTree = "<group>"; };
		7EFD79C724710FDA00670AF2 /* AppState.swift */ = {isa = PBXFileReference; lastKnownFileType = sourcecode.swift; path = AppState.swift; sourceTree = "<group>"; };
		7EFD79CA2471108500670AF2 /* CurrencyList.swift */ = {isa = PBXFileReference; lastKnownFileType = sourcecode.swift; path = CurrencyList.swift; sourceTree = "<group>"; };
		7EFD79CC2471109F00670AF2 /* CurrencyRates.swift */ = {isa = PBXFileReference; lastKnownFileType = sourcecode.swift; path = CurrencyRates.swift; sourceTree = "<group>"; };
		7EFD79CF247111C800670AF2 /* AppReducer.swift */ = {isa = PBXFileReference; lastKnownFileType = sourcecode.swift; path = AppReducer.swift; sourceTree = "<group>"; };
		7EFD79D224712A1100670AF2 /* currencies.json */ = {isa = PBXFileReference; fileEncoding = 4; lastKnownFileType = text.json; path = currencies.json; sourceTree = "<group>"; };
		7EFD79D324712A1100670AF2 /* usd_rates.json */ = {isa = PBXFileReference; fileEncoding = 4; lastKnownFileType = text.json; path = usd_rates.json; sourceTree = "<group>"; };
		7EFD79D624712A4E00670AF2 /* CurrencyServiceMocking.swift */ = {isa = PBXFileReference; lastKnownFileType = sourcecode.swift; path = CurrencyServiceMocking.swift; sourceTree = "<group>"; };
/* End PBXFileReference section */

/* Begin PBXFrameworksBuildPhase section */
		7E4F674324700A8900FD2F94 /* Frameworks */ = {
			isa = PBXFrameworksBuildPhase;
			buildActionMask = 2147483647;
			files = (
			);
			runOnlyForDeploymentPostprocessing = 0;
		};
		7E4F675924700A8B00FD2F94 /* Frameworks */ = {
			isa = PBXFrameworksBuildPhase;
			buildActionMask = 2147483647;
			files = (
			);
			runOnlyForDeploymentPostprocessing = 0;
		};
/* End PBXFrameworksBuildPhase section */

/* Begin PBXGroup section */
		7E4F673D24700A8900FD2F94 = {
			isa = PBXGroup;
			children = (
				7E4F674824700A8A00FD2F94 /* Currency */,
				7E4F675F24700A8B00FD2F94 /* CurrencyTests */,
				7E4F674724700A8A00FD2F94 /* Products */,
			);
			sourceTree = "<group>";
		};
		7E4F674724700A8A00FD2F94 /* Products */ = {
			isa = PBXGroup;
			children = (
				7E4F674624700A8A00FD2F94 /* Currency.app */,
				7E4F675C24700A8B00FD2F94 /* CurrencyTests.xctest */,
			);
			name = Products;
			sourceTree = "<group>";
		};
		7E4F674824700A8A00FD2F94 /* Currency */ = {
			isa = PBXGroup;
			children = (
				7EFD79C92471107900670AF2 /* Models */,
				7EFD79BE24703EE100670AF2 /* Services */,
				7EFD79BB2470124100670AF2 /* Flux */,
				7E4F674924700A8A00FD2F94 /* AppDelegate.swift */,
				7E4F674B24700A8A00FD2F94 /* SceneDelegate.swift */,
				7E4F674D24700A8A00FD2F94 /* ContentView.swift */,
				7E4F675424700A8B00FD2F94 /* LaunchScreen.storyboard */,
				7E4F676B24700BCA00FD2F94 /* Resources */,
				7E4F675124700A8B00FD2F94 /* Preview Content */,
			);
			path = Currency;
			sourceTree = "<group>";
		};
		7E4F675124700A8B00FD2F94 /* Preview Content */ = {
			isa = PBXGroup;
			children = (
				7E4F675224700A8B00FD2F94 /* Preview Assets.xcassets */,
			);
			path = "Preview Content";
			sourceTree = "<group>";
		};
		7E4F675F24700A8B00FD2F94 /* CurrencyTests */ = {
			isa = PBXGroup;
			children = (
				7E4F676024700A8B00FD2F94 /* CurrencyTests.swift */,
				7E4F676224700A8B00FD2F94 /* Info.plist */,
			);
			path = CurrencyTests;
			sourceTree = "<group>";
		};
		7E4F676B24700BCA00FD2F94 /* Resources */ = {
			isa = PBXGroup;
			children = (
				7EFD79D1247126DC00670AF2 /* Mocking */,
				7E4F674F24700A8B00FD2F94 /* Assets.xcassets */,
				7E4F675724700A8B00FD2F94 /* Info.plist */,
			);
			path = Resources;
			sourceTree = "<group>";
		};
		7EFD79BB2470124100670AF2 /* Flux */ = {
			isa = PBXGroup;
			children = (
				7EFD79CE247111BE00670AF2 /* Reducer */,
				7EFD79C424710F4C00670AF2 /* State */,
				7EFD79C12470F54F00670AF2 /* Actions */,
				7EFD79BC2470129600670AF2 /* FluxCoreTypes.swift */,
			);
			path = Flux;
			sourceTree = "<group>";
		};
		7EFD79BE24703EE100670AF2 /* Services */ = {
			isa = PBXGroup;
			children = (
				7EFD79BF24703EF400670AF2 /* CurrencyService.swift */,
				7EFD79D624712A4E00670AF2 /* CurrencyServiceMocking.swift */,
			);
			path = Services;
			sourceTree = "<group>";
		};
		7EFD79C12470F54F00670AF2 /* Actions */ = {
			isa = PBXGroup;
			children = (
				7EFD79C22471028400670AF2 /* CurrencyActions.swift */,
			);
			path = Actions;
			sourceTree = "<group>";
		};
		7EFD79C424710F4C00670AF2 /* State */ = {
			isa = PBXGroup;
			children = (
				7EFD79C524710FC100670AF2 /* CurrencyState.swift */,
				7EFD79C724710FDA00670AF2 /* AppState.swift */,
			);
			path = State;
			sourceTree = "<group>";
		};
		7EFD79C92471107900670AF2 /* Models */ = {
			isa = PBXGroup;
			children = (
				7EFD79CA2471108500670AF2 /* CurrencyList.swift */,
				7EFD79CC2471109F00670AF2 /* CurrencyRates.swift */,
			);
			path = Models;
			sourceTree = "<group>";
		};
		7EFD79CE247111BE00670AF2 /* Reducer */ = {
			isa = PBXGroup;
			children = (
				7EFD79CF247111C800670AF2 /* AppReducer.swift */,
			);
			path = Reducer;
			sourceTree = "<group>";
		};
		7EFD79D1247126DC00670AF2 /* Mocking */ = {
			isa = PBXGroup;
			children = (
				7EFD79D224712A1100670AF2 /* currencies.json */,
				7EFD79D324712A1100670AF2 /* usd_rates.json */,
			);
			path = Mocking;
			sourceTree = "<group>";
		};
/* End PBXGroup section */

/* Begin PBXNativeTarget section */
		7E4F674524700A8900FD2F94 /* Currency */ = {
			isa = PBXNativeTarget;
			buildConfigurationList = 7E4F676524700A8B00FD2F94 /* Build configuration list for PBXNativeTarget "Currency" */;
			buildPhases = (
				7E4F674224700A8900FD2F94 /* Sources */,
				7E4F674324700A8900FD2F94 /* Frameworks */,
				7E4F674424700A8900FD2F94 /* Resources */,
				7EFD79BA24700ED600670AF2 /* Swiftlint */,
			);
			buildRules = (
			);
			dependencies = (
			);
			name = Currency;
			productName = Currency;
			productReference = 7E4F674624700A8A00FD2F94 /* Currency.app */;
			productType = "com.apple.product-type.application";
		};
		7E4F675B24700A8B00FD2F94 /* CurrencyTests */ = {
			isa = PBXNativeTarget;
			buildConfigurationList = 7E4F676824700A8B00FD2F94 /* Build configuration list for PBXNativeTarget "CurrencyTests" */;
			buildPhases = (
				7E4F675824700A8B00FD2F94 /* Sources */,
				7E4F675924700A8B00FD2F94 /* Frameworks */,
				7E4F675A24700A8B00FD2F94 /* Resources */,
			);
			buildRules = (
			);
			dependencies = (
				7E4F675E24700A8B00FD2F94 /* PBXTargetDependency */,
			);
			name = CurrencyTests;
			productName = CurrencyTests;
			productReference = 7E4F675C24700A8B00FD2F94 /* CurrencyTests.xctest */;
			productType = "com.apple.product-type.bundle.unit-test";
		};
/* End PBXNativeTarget section */

/* Begin PBXProject section */
		7E4F673E24700A8900FD2F94 /* Project object */ = {
			isa = PBXProject;
			attributes = {
				LastSwiftUpdateCheck = 1140;
				LastUpgradeCheck = 1140;
				ORGANIZATIONNAME = "Michael Hass";
				TargetAttributes = {
					7E4F674524700A8900FD2F94 = {
						CreatedOnToolsVersion = 11.4.1;
					};
					7E4F675B24700A8B00FD2F94 = {
						CreatedOnToolsVersion = 11.4.1;
						TestTargetID = 7E4F674524700A8900FD2F94;
					};
				};
			};
			buildConfigurationList = 7E4F674124700A8900FD2F94 /* Build configuration list for PBXProject "Currency" */;
			compatibilityVersion = "Xcode 9.3";
			developmentRegion = en;
			hasScannedForEncodings = 0;
			knownRegions = (
				en,
				Base,
			);
			mainGroup = 7E4F673D24700A8900FD2F94;
			productRefGroup = 7E4F674724700A8A00FD2F94 /* Products */;
			projectDirPath = "";
			projectRoot = "";
			targets = (
				7E4F674524700A8900FD2F94 /* Currency */,
				7E4F675B24700A8B00FD2F94 /* CurrencyTests */,
			);
		};
/* End PBXProject section */

/* Begin PBXResourcesBuildPhase section */
		7E4F674424700A8900FD2F94 /* Resources */ = {
			isa = PBXResourcesBuildPhase;
			buildActionMask = 2147483647;
			files = (
				7E4F675624700A8B00FD2F94 /* LaunchScreen.storyboard in Resources */,
				7E4F675324700A8B00FD2F94 /* Preview Assets.xcassets in Resources */,
				7EFD79D524712A1100670AF2 /* usd_rates.json in Resources */,
				7EFD79D424712A1100670AF2 /* currencies.json in Resources */,
				7E4F675024700A8B00FD2F94 /* Assets.xcassets in Resources */,
			);
			runOnlyForDeploymentPostprocessing = 0;
		};
		7E4F675A24700A8B00FD2F94 /* Resources */ = {
			isa = PBXResourcesBuildPhase;
			buildActionMask = 2147483647;
			files = (
			);
			runOnlyForDeploymentPostprocessing = 0;
		};
/* End PBXResourcesBuildPhase section */

/* Begin PBXShellScriptBuildPhase section */
		7EFD79BA24700ED600670AF2 /* Swiftlint */ = {
			isa = PBXShellScriptBuildPhase;
			buildActionMask = 2147483647;
			files = (
			);
			inputFileListPaths = (
			);
			inputPaths = (
			);
			name = Swiftlint;
			outputFileListPaths = (
			);
			outputPaths = (
			);
			runOnlyForDeploymentPostprocessing = 0;
			shellPath = /bin/sh;
			shellScript = "if which swiftlint >/dev/null; then\n  swiftlint\nelse\n  echo \"warning: SwiftLint not installed, download from https://github.com/realm/SwiftLint\"\nfi\n";
		};
/* End PBXShellScriptBuildPhase section */

/* Begin PBXSourcesBuildPhase section */
		7E4F674224700A8900FD2F94 /* Sources */ = {
			isa = PBXSourcesBuildPhase;
			buildActionMask = 2147483647;
			files = (
				7EFD79CB2471108500670AF2 /* CurrencyList.swift in Sources */,
				7EFD79D0247111C800670AF2 /* AppReducer.swift in Sources */,
				7EFD79C024703EF400670AF2 /* CurrencyService.swift in Sources */,
				7EFD79C624710FC100670AF2 /* CurrencyState.swift in Sources */,
				7E4F674A24700A8A00FD2F94 /* AppDelegate.swift in Sources */,
				7EFD79C824710FDA00670AF2 /* AppState.swift in Sources */,
				7EFD79C32471028400670AF2 /* CurrencyActions.swift in Sources */,
				7EFD79BD2470129600670AF2 /* FluxCoreTypes.swift in Sources */,
				7E4F674C24700A8A00FD2F94 /* SceneDelegate.swift in Sources */,
				7EFD79CD2471109F00670AF2 /* CurrencyRates.swift in Sources */,
				7E4F674E24700A8A00FD2F94 /* ContentView.swift in Sources */,
				7EFD79D724712A4E00670AF2 /* CurrencyServiceMocking.swift in Sources */,
			);
			runOnlyForDeploymentPostprocessing = 0;
		};
		7E4F675824700A8B00FD2F94 /* Sources */ = {
			isa = PBXSourcesBuildPhase;
			buildActionMask = 2147483647;
			files = (
				7E4F676124700A8B00FD2F94 /* CurrencyTests.swift in Sources */,
			);
			runOnlyForDeploymentPostprocessing = 0;
		};
/* End PBXSourcesBuildPhase section */

/* Begin PBXTargetDependency section */
		7E4F675E24700A8B00FD2F94 /* PBXTargetDependency */ = {
			isa = PBXTargetDependency;
			target = 7E4F674524700A8900FD2F94 /* Currency */;
			targetProxy = 7E4F675D24700A8B00FD2F94 /* PBXContainerItemProxy */;
		};
/* End PBXTargetDependency section */

/* Begin PBXVariantGroup section */
		7E4F675424700A8B00FD2F94 /* LaunchScreen.storyboard */ = {
			isa = PBXVariantGroup;
			children = (
				7E4F675524700A8B00FD2F94 /* Base */,
			);
			name = LaunchScreen.storyboard;
			sourceTree = "<group>";
		};
/* End PBXVariantGroup section */

/* Begin XCBuildConfiguration section */
		7E4F676324700A8B00FD2F94 /* Debug */ = {
			isa = XCBuildConfiguration;
			buildSettings = {
				ALWAYS_SEARCH_USER_PATHS = NO;
				CLANG_ANALYZER_NONNULL = YES;
				CLANG_ANALYZER_NUMBER_OBJECT_CONVERSION = YES_AGGRESSIVE;
				CLANG_CXX_LANGUAGE_STANDARD = "gnu++14";
				CLANG_CXX_LIBRARY = "libc++";
				CLANG_ENABLE_MODULES = YES;
				CLANG_ENABLE_OBJC_ARC = YES;
				CLANG_ENABLE_OBJC_WEAK = YES;
				CLANG_WARN_BLOCK_CAPTURE_AUTORELEASING = YES;
				CLANG_WARN_BOOL_CONVERSION = YES;
				CLANG_WARN_COMMA = YES;
				CLANG_WARN_CONSTANT_CONVERSION = YES;
				CLANG_WARN_DEPRECATED_OBJC_IMPLEMENTATIONS = YES;
				CLANG_WARN_DIRECT_OBJC_ISA_USAGE = YES_ERROR;
				CLANG_WARN_DOCUMENTATION_COMMENTS = YES;
				CLANG_WARN_EMPTY_BODY = YES;
				CLANG_WARN_ENUM_CONVERSION = YES;
				CLANG_WARN_INFINITE_RECURSION = YES;
				CLANG_WARN_INT_CONVERSION = YES;
				CLANG_WARN_NON_LITERAL_NULL_CONVERSION = YES;
				CLANG_WARN_OBJC_IMPLICIT_RETAIN_SELF = YES;
				CLANG_WARN_OBJC_LITERAL_CONVERSION = YES;
				CLANG_WARN_OBJC_ROOT_CLASS = YES_ERROR;
				CLANG_WARN_RANGE_LOOP_ANALYSIS = YES;
				CLANG_WARN_STRICT_PROTOTYPES = YES;
				CLANG_WARN_SUSPICIOUS_MOVE = YES;
				CLANG_WARN_UNGUARDED_AVAILABILITY = YES_AGGRESSIVE;
				CLANG_WARN_UNREACHABLE_CODE = YES;
				CLANG_WARN__DUPLICATE_METHOD_MATCH = YES;
				COPY_PHASE_STRIP = NO;
				DEBUG_INFORMATION_FORMAT = dwarf;
				ENABLE_STRICT_OBJC_MSGSEND = YES;
				ENABLE_TESTABILITY = YES;
				GCC_C_LANGUAGE_STANDARD = gnu11;
				GCC_DYNAMIC_NO_PIC = NO;
				GCC_NO_COMMON_BLOCKS = YES;
				GCC_OPTIMIZATION_LEVEL = 0;
				GCC_PREPROCESSOR_DEFINITIONS = (
					"DEBUG=1",
					"$(inherited)",
				);
				GCC_WARN_64_TO_32_BIT_CONVERSION = YES;
				GCC_WARN_ABOUT_RETURN_TYPE = YES_ERROR;
				GCC_WARN_UNDECLARED_SELECTOR = YES;
				GCC_WARN_UNINITIALIZED_AUTOS = YES_AGGRESSIVE;
				GCC_WARN_UNUSED_FUNCTION = YES;
				GCC_WARN_UNUSED_VARIABLE = YES;
				IPHONEOS_DEPLOYMENT_TARGET = 13.4;
				MTL_ENABLE_DEBUG_INFO = INCLUDE_SOURCE;
				MTL_FAST_MATH = YES;
				ONLY_ACTIVE_ARCH = YES;
				SDKROOT = iphoneos;
				SWIFT_ACTIVE_COMPILATION_CONDITIONS = DEBUG;
				SWIFT_OPTIMIZATION_LEVEL = "-Onone";
			};
			name = Debug;
		};
		7E4F676424700A8B00FD2F94 /* Release */ = {
			isa = XCBuildConfiguration;
			buildSettings = {
				ALWAYS_SEARCH_USER_PATHS = NO;
				CLANG_ANALYZER_NONNULL = YES;
				CLANG_ANALYZER_NUMBER_OBJECT_CONVERSION = YES_AGGRESSIVE;
				CLANG_CXX_LANGUAGE_STANDARD = "gnu++14";
				CLANG_CXX_LIBRARY = "libc++";
				CLANG_ENABLE_MODULES = YES;
				CLANG_ENABLE_OBJC_ARC = YES;
				CLANG_ENABLE_OBJC_WEAK = YES;
				CLANG_WARN_BLOCK_CAPTURE_AUTORELEASING = YES;
				CLANG_WARN_BOOL_CONVERSION = YES;
				CLANG_WARN_COMMA = YES;
				CLANG_WARN_CONSTANT_CONVERSION = YES;
				CLANG_WARN_DEPRECATED_OBJC_IMPLEMENTATIONS = YES;
				CLANG_WARN_DIRECT_OBJC_ISA_USAGE = YES_ERROR;
				CLANG_WARN_DOCUMENTATION_COMMENTS = YES;
				CLANG_WARN_EMPTY_BODY = YES;
				CLANG_WARN_ENUM_CONVERSION = YES;
				CLANG_WARN_INFINITE_RECURSION = YES;
				CLANG_WARN_INT_CONVERSION = YES;
				CLANG_WARN_NON_LITERAL_NULL_CONVERSION = YES;
				CLANG_WARN_OBJC_IMPLICIT_RETAIN_SELF = YES;
				CLANG_WARN_OBJC_LITERAL_CONVERSION = YES;
				CLANG_WARN_OBJC_ROOT_CLASS = YES_ERROR;
				CLANG_WARN_RANGE_LOOP_ANALYSIS = YES;
				CLANG_WARN_STRICT_PROTOTYPES = YES;
				CLANG_WARN_SUSPICIOUS_MOVE = YES;
				CLANG_WARN_UNGUARDED_AVAILABILITY = YES_AGGRESSIVE;
				CLANG_WARN_UNREACHABLE_CODE = YES;
				CLANG_WARN__DUPLICATE_METHOD_MATCH = YES;
				COPY_PHASE_STRIP = NO;
				DEBUG_INFORMATION_FORMAT = "dwarf-with-dsym";
				ENABLE_NS_ASSERTIONS = NO;
				ENABLE_STRICT_OBJC_MSGSEND = YES;
				GCC_C_LANGUAGE_STANDARD = gnu11;
				GCC_NO_COMMON_BLOCKS = YES;
				GCC_WARN_64_TO_32_BIT_CONVERSION = YES;
				GCC_WARN_ABOUT_RETURN_TYPE = YES_ERROR;
				GCC_WARN_UNDECLARED_SELECTOR = YES;
				GCC_WARN_UNINITIALIZED_AUTOS = YES_AGGRESSIVE;
				GCC_WARN_UNUSED_FUNCTION = YES;
				GCC_WARN_UNUSED_VARIABLE = YES;
				IPHONEOS_DEPLOYMENT_TARGET = 13.4;
				MTL_ENABLE_DEBUG_INFO = NO;
				MTL_FAST_MATH = YES;
				SDKROOT = iphoneos;
				SWIFT_COMPILATION_MODE = wholemodule;
				SWIFT_OPTIMIZATION_LEVEL = "-O";
				VALIDATE_PRODUCT = YES;
			};
			name = Release;
		};
		7E4F676624700A8B00FD2F94 /* Debug */ = {
			isa = XCBuildConfiguration;
			buildSettings = {
				ASSETCATALOG_COMPILER_APPICON_NAME = AppIcon;
				CODE_SIGN_STYLE = Automatic;
				DEVELOPMENT_ASSET_PATHS = "\"Currency/Preview Content\"";
				ENABLE_PREVIEWS = YES;
				INFOPLIST_FILE = Currency/Resources/Info.plist;
				LD_RUNPATH_SEARCH_PATHS = (
					"$(inherited)",
					"@executable_path/Frameworks",
				);
				PRODUCT_BUNDLE_IDENTIFIER = com.mhass.Currency;
				PRODUCT_NAME = "$(TARGET_NAME)";
				SWIFT_VERSION = 5.0;
				TARGETED_DEVICE_FAMILY = "1,2";
			};
			name = Debug;
		};
		7E4F676724700A8B00FD2F94 /* Release */ = {
			isa = XCBuildConfiguration;
			buildSettings = {
				ASSETCATALOG_COMPILER_APPICON_NAME = AppIcon;
				CODE_SIGN_STYLE = Automatic;
				DEVELOPMENT_ASSET_PATHS = "\"Currency/Preview Content\"";
				ENABLE_PREVIEWS = YES;
				INFOPLIST_FILE = Currency/Resources/Info.plist;
				LD_RUNPATH_SEARCH_PATHS = (
					"$(inherited)",
					"@executable_path/Frameworks",
				);
				PRODUCT_BUNDLE_IDENTIFIER = com.mhass.Currency;
				PRODUCT_NAME = "$(TARGET_NAME)";
				SWIFT_VERSION = 5.0;
				TARGETED_DEVICE_FAMILY = "1,2";
			};
			name = Release;
		};
		7E4F676924700A8B00FD2F94 /* Debug */ = {
			isa = XCBuildConfiguration;
			buildSettings = {
				ALWAYS_EMBED_SWIFT_STANDARD_LIBRARIES = YES;
				BUNDLE_LOADER = "$(TEST_HOST)";
				CODE_SIGN_STYLE = Automatic;
				INFOPLIST_FILE = CurrencyTests/Info.plist;
				IPHONEOS_DEPLOYMENT_TARGET = 13.4;
				LD_RUNPATH_SEARCH_PATHS = (
					"$(inherited)",
					"@executable_path/Frameworks",
					"@loader_path/Frameworks",
				);
				PRODUCT_BUNDLE_IDENTIFIER = com.mhass.CurrencyTests;
				PRODUCT_NAME = "$(TARGET_NAME)";
				SWIFT_VERSION = 5.0;
				TARGETED_DEVICE_FAMILY = "1,2";
				TEST_HOST = "$(BUILT_PRODUCTS_DIR)/Currency.app/Currency";
			};
			name = Debug;
		};
		7E4F676A24700A8B00FD2F94 /* Release */ = {
			isa = XCBuildConfiguration;
			buildSettings = {
				ALWAYS_EMBED_SWIFT_STANDARD_LIBRARIES = YES;
				BUNDLE_LOADER = "$(TEST_HOST)";
				CODE_SIGN_STYLE = Automatic;
				INFOPLIST_FILE = CurrencyTests/Info.plist;
				IPHONEOS_DEPLOYMENT_TARGET = 13.4;
				LD_RUNPATH_SEARCH_PATHS = (
					"$(inherited)",
					"@executable_path/Frameworks",
					"@loader_path/Frameworks",
				);
				PRODUCT_BUNDLE_IDENTIFIER = com.mhass.CurrencyTests;
				PRODUCT_NAME = "$(TARGET_NAME)";
				SWIFT_VERSION = 5.0;
				TARGETED_DEVICE_FAMILY = "1,2";
				TEST_HOST = "$(BUILT_PRODUCTS_DIR)/Currency.app/Currency";
			};
			name = Release;
		};
/* End XCBuildConfiguration section */

/* Begin XCConfigurationList section */
		7E4F674124700A8900FD2F94 /* Build configuration list for PBXProject "Currency" */ = {
			isa = XCConfigurationList;
			buildConfigurations = (
				7E4F676324700A8B00FD2F94 /* Debug */,
				7E4F676424700A8B00FD2F94 /* Release */,
			);
			defaultConfigurationIsVisible = 0;
			defaultConfigurationName = Release;
		};
		7E4F676524700A8B00FD2F94 /* Build configuration list for PBXNativeTarget "Currency" */ = {
			isa = XCConfigurationList;
			buildConfigurations = (
				7E4F676624700A8B00FD2F94 /* Debug */,
				7E4F676724700A8B00FD2F94 /* Release */,
			);
			defaultConfigurationIsVisible = 0;
			defaultConfigurationName = Release;
		};
		7E4F676824700A8B00FD2F94 /* Build configuration list for PBXNativeTarget "CurrencyTests" */ = {
			isa = XCConfigurationList;
			buildConfigurations = (
				7E4F676924700A8B00FD2F94 /* Debug */,
				7E4F676A24700A8B00FD2F94 /* Release */,
			);
			defaultConfigurationIsVisible = 0;
			defaultConfigurationName = Release;
		};
/* End XCConfigurationList section */
	};
	rootObject = 7E4F673E24700A8900FD2F94 /* Project object */;
}
